
Microsoft Visual Studio Solution File, Format Version 12.00
# Visual Studio Version 17
VisualStudioVersion = 17.3.32922.545
MinimumVisualStudioVersion = 10.0.40219.1
Project("{FAE04EC0-301F-11D3-BF4B-00C04F79EFBC}") = "STO", "STO\STO.csproj", "{A468E4AA-0C74-4109-AD6D-4E1ED31D25D4}"
EndProject
Global
	GlobalSection(SolutionConfigurationPlatforms) = preSolution
		Debug|Any CPU = Debug|Any CPU
		Release|Any CPU = Release|Any CPU
	EndGlobalSection
	GlobalSection(ProjectConfigurationPlatforms) = postSolution
		{A468E4AA-0C74-4109-AD6D-4E1ED31D25D4}.Debug|Any CPU.ActiveCfg = Debug|Any CPU
		{A468E4AA-0C74-4109-AD6D-4E1ED31D25D4}.Debug|Any CPU.Build.0 = Debug|Any CPU
		{A468E4AA-0C74-4109-AD6D-4E1ED31D25D4}.Release|Any CPU.ActiveCfg = Release|Any CPU
		{A468E4AA-0C74-4109-AD6D-4E1ED31D25D4}.Release|Any CPU.Build.0 = Release|Any CPU
	EndGlobalSection
	GlobalSection(SolutionProperties) = preSolution
		HideSolutionNode = FALSE
	EndGlobalSection
	GlobalSection(ExtensibilityGlobals) = postSolution
		SolutionGuid = {C58C2DBB-8794-42AF-9027-754428B7784B}
	EndGlobalSection
EndGlobal
